
Microsoft Visual Studio Solution File, Format Version 12.00
# Visual Studio 14
VisualStudioVersion = 14.0.25420.1
MinimumVisualStudioVersion = 10.0.40219.1
Project("{2150E333-8FDC-42A3-9474-1A3956D46DE8}") = "DM Solution Documentation", "DM Solution Documentation", "{4A724FAB-EDF9-443C-9921-20E4324BC2D4}"
	ProjectSection(SolutionItems) = preProject
		..\..\..\..\Desktop\Data Warehousing\Coffee Merchant\CoffeeMerchant_BCF\Coffee Merchant-BCF\Coffee Merchant Dimensional Diagram (STAR schema).vsdx = ..\..\..\..\Desktop\Data Warehousing\Coffee Merchant\CoffeeMerchant_BCF\Coffee Merchant-BCF\Coffee Merchant Dimensional Diagram (STAR schema).vsdx
		..\..\..\..\Desktop\Data Warehousing\Coffee Merchant\CoffeeMerchant_BCF\Coffee Merchant-BCF\Coffee Merchant Solution Documentation.docx = ..\..\..\..\Desktop\Data Warehousing\Coffee Merchant\CoffeeMerchant_BCF\Coffee Merchant-BCF\Coffee Merchant Solution Documentation.docx
		..\..\..\..\Desktop\Data Warehousing\Coffee Merchant\CoffeeMerchant_BCF\Coffee Merchant-BCF\Coffee Merchant Solution Workbook.xlsx = ..\..\..\..\Desktop\Data Warehousing\Coffee Merchant\CoffeeMerchant_BCF\Coffee Merchant-BCF\Coffee Merchant Solution Workbook.xlsx
	EndProjectSection
EndProject
Project("{2150E333-8FDC-42A3-9474-1A3956D46DE8}") = "DM Build", "DM Build", "{D2D3483A-E441-409D-AD9B-04F9AAA47201}"
	ProjectSection(SolutionItems) = preProject
		DM Build\BuildCoffeeMerchantDM.sql = DM Build\BuildCoffeeMerchantDM.sql
	EndProjectSection
EndProject
Global
	GlobalSection(SolutionProperties) = preSolution
		HideSolutionNode = FALSE
	EndGlobalSection
EndGlobal
